# THIS IS AN AUTOGENERATED FILE. DO NOT EDIT THIS FILE DIRECTLY.
# yarn lockfile v1


ajsr-confirm@^1.2.2:
  version "1.2.2"
  resolved "https://registry.yarnpkg.com/ajsr-confirm/-/ajsr-confirm-1.2.2.tgz#7a9f73a8a3bac6eca729d9c960552f707f756631"

ajsr-notify@^0.0.1:
  version "0.0.1"
  resolved "https://registry.yarnpkg.com/ajsr-notify/-/ajsr-notify-0.0.1.tgz#81946eeef2fa6fcf04654188696d072b5cf3ec58"

animation-stepper@^0.0.1:
  version "0.0.1"
  resolved "https://registry.yarnpkg.com/animation-stepper/-/animation-stepper-0.0.1.tgz#78593f17116b8d5627c552d80c1f1840e1d83707"

div-lines@^1.2.0:
  version "1.2.0"
  resolved "https://registry.yarnpkg.com/div-lines/-/div-lines-1.2.0.tgz#55969c8f483bd36924836a7258e2508acfa2c982"
